<?xml version="1.0" encoding="utf-8"?>
<Project ToolsVersion="4.0" xmlns="http://schemas.microsoft.com/developer/msbuild/2003">
  <ItemGroup>
    <Filter Include="Resource Files">
      <UniqueIdentifier>{67DA6AB6-F800-4c08-8B7A-83BB121AAD01}</UniqueIdentifier>
      <Extensions>rc;ico;cur;bmp;dlg;rc2;rct;bin;rgs;gif;jpg;jpeg;jpe;resx;tiff;tif;png;wav;mfcribbon-ms</Extensions>
    </Filter>
    <Filter Include="Personaggi">
      <UniqueIdentifier>{646d86dd-a343-49cc-a00e-b4de54a0dabc}</UniqueIdentifier>
    </Filter>
    <Filter Include="Personaggi\Giocatore">
      <UniqueIdentifier>{78e1ed4f-7efd-4732-8e66-07fe8f8b9f4f}</UniqueIdentifier>
    </Filter>
    <Filter Include="Personaggi\Nemici">
      <UniqueIdentifier>{d49cb70d-33c4-4c28-a7dd-70a07fd612c9}</UniqueIdentifier>
    </Filter>
    <Filter Include="Map">
      <UniqueIdentifier>{4FC737F1-C7A5-4376-A066-2A32D752A2FF}</UniqueIdentifier>
      <Extensions>cpp;c;cc;cxx;def;odl;idl;hpj;bat;asm;asmx</Extensions>
    </Filter>
    <Filter Include="Game">
      <UniqueIdentifier>{93995380-89BD-4b04-88EB-625FBE52EBFB}</UniqueIdentifier>
      <Extensions>h;hh;hpp;hxx;hm;inl;inc;ipp;xsd</Extensions>
    </Filter>
  </ItemGroup>
  <ItemGroup>
    <ClCompile Include="TileMap.cpp">
      <Filter>Map</Filter>
    </ClCompile>
    <ClCompile Include="Tile.cpp">
      <Filter>Map</Filter>
    </ClCompile>
    <ClCompile Include="TileMap.cpp">
      <Filter>Source Files</Filter>
    </ClCompile>
    <ClCompile Include="GameCharacter.cpp">
      <Filter>Personaggi</Filter>
    </ClCompile>
    <ClCompile Include="Enemy.cpp">
      <Filter>Personaggi\Nemici</Filter>
    </ClCompile>
    <ClCompile Include="EnemyStrategyMove.cpp">
      <Filter>Personaggi\Nemici</Filter>
    </ClCompile>
    <ClCompile Include="Player.cpp">
      <Filter>Personaggi\Giocatore</Filter>
    </ClCompile>
    <ClCompile Include="Player1.cpp">
      <Filter>Personaggi\Giocatore</Filter>
    </ClCompile>
    <ClCompile Include="Player2.cpp">
      <Filter>Personaggi\Giocatore</Filter>
    </ClCompile>
    <ClCompile Include="Player3.cpp">
      <Filter>Personaggi\Giocatore</Filter>
    </ClCompile>
    <ClCompile Include="StrategyMove.cpp">
      <Filter>Personaggi\Nemici</Filter>
    </ClCompile>
    <ClCompile Include="main.cpp">
      <Filter>Game</Filter>
    </ClCompile>
    <ClCompile Include="TextureHolder.cpp">
      <Filter>Resource Files</Filter>
    </ClCompile>
    <ClCompile Include="Bullet.cpp">
      <Filter>Personaggi\Giocatore</Filter>
    </ClCompile>
    <ClCompile Include="GameLogic.cpp">
      <Filter>Game</Filter>
    </ClCompile>
    <ClCompile Include="MainMenu.cpp">
      <Filter>Game</Filter>
    </ClCompile>
    <ClCompile Include="Hud.cpp">
      <Filter>Personaggi</Filter>
    </ClCompile>
    <ClCompile Include="State.cpp">
      <Filter>Game</Filter>
    </ClCompile>
    <ClCompile Include="Game.cpp">
      <Filter>Game</Filter>
    </ClCompile>
    <ClCompile Include="Button.cpp">
      <Filter>Game</Filter>
    </ClCompile>
  </ItemGroup>
  <ItemGroup>
    <ClInclude Include="GameCharacter.h">
      <Filter>Personaggi</Filter>
    </ClInclude>
    <ClInclude Include="Enemy.h">
      <Filter>Personaggi\Nemici</Filter>
    </ClInclude>
    <ClInclude Include="EnemyStrategyMove.h">
      <Filter>Personaggi\Nemici</Filter>
    </ClInclude>
    <ClInclude Include="Player.h">
      <Filter>Personaggi\Giocatore</Filter>
    </ClInclude>
    <ClInclude Include="Player1.h">
      <Filter>Personaggi\Giocatore</Filter>
    </ClInclude>
    <ClInclude Include="Player2.h">
      <Filter>Personaggi\Giocatore</Filter>
    </ClInclude>
    <ClInclude Include="Player3.h">
      <Filter>Personaggi\Giocatore</Filter>
    </ClInclude>
    <ClInclude Include="StrategyMove.h">
      <Filter>Personaggi\Nemici</Filter>
    </ClInclude>
    <ClInclude Include="TextureHolder.h">
      <Filter>Resource Files</Filter>
    </ClInclude>
    <ClInclude Include="Tile.h">
      <Filter>Map</Filter>
    </ClInclude>
    <ClInclude Include="TileMap.h">
      <Filter>Map</Filter>
    </ClInclude>
    <ClInclude Include="TileMap.h">
      <Filter>Map</Filter>
    </ClInclude>
    <ClInclude Include="GameLogic.h">
      <Filter>Game</Filter>
    </ClInclude>
    <ClInclude Include="MainMenu.h">
      <Filter>Game</Filter>
    </ClInclude>
    <ClInclude Include="State.h">
      <Filter>Game</Filter>
    </ClInclude>
    <ClInclude Include="Game.h">
      <Filter>Game</Filter>
    </ClInclude>
    <ClInclude Include="Hud.h">
      <Filter>Personaggi</Filter>
    </ClInclude>
    <ClInclude Include="Button.h">
      <Filter>Game</Filter>
    </ClInclude>
    <ClInclude Include="Bullet.h">
      <Filter>Map</Filter>
    </ClInclude>
  </ItemGroup>
</Project>